
Microsoft Visual Studio Solution File, Format Version 12.00
# Visual Studio 14
VisualStudioVersion = 14.0.24720.0
MinimumVisualStudioVersion = 10.0.40219.1
Project("{FAE04EC0-301F-11D3-BF4B-00C04F79EFBC}") = "EmployeeDAL", "EmployeeDAL\EmployeeDAL.csproj", "{4F87CE87-FAEE-4BFC-AE3C-0E9A9E4C5226}"
EndProject
Project("{FAE04EC0-301F-11D3-BF4B-00C04F79EFBC}") = "EmployeeRepository", "EmployeeRepository\EmployeeRepository.csproj", "{CF1DC3D4-1686-49CD-8E7E-6CF76D98C128}"
EndProject
Project("{FAE04EC0-301F-11D3-BF4B-00C04F79EFBC}") = "EmployeeWebMVVMJavaScript", "EmployeeWebMVVMJavaScript\EmployeeWebMVVMJavaScript.csproj", "{28312503-3A13-4235-8177-E08802C88227}"
EndProject
Project("{FAE04EC0-301F-11D3-BF4B-00C04F79EFBC}") = "TestJS", "TestJS\TestJS.csproj", "{AB85AA13-2305-490A-9CB5-847CB7AAEF66}"
EndProject
Global
	GlobalSection(SolutionConfigurationPlatforms) = preSolution
		Debug|Any CPU = Debug|Any CPU
		Release|Any CPU = Release|Any CPU
	EndGlobalSection
	GlobalSection(ProjectConfigurationPlatforms) = postSolution
		{4F87CE87-FAEE-4BFC-AE3C-0E9A9E4C5226}.Debug|Any CPU.ActiveCfg = Debug|Any CPU
		{4F87CE87-FAEE-4BFC-AE3C-0E9A9E4C5226}.Debug|Any CPU.Build.0 = Debug|Any CPU
		{4F87CE87-FAEE-4BFC-AE3C-0E9A9E4C5226}.Release|Any CPU.ActiveCfg = Release|Any CPU
		{4F87CE87-FAEE-4BFC-AE3C-0E9A9E4C5226}.Release|Any CPU.Build.0 = Release|Any CPU
		{CF1DC3D4-1686-49CD-8E7E-6CF76D98C128}.Debug|Any CPU.ActiveCfg = Debug|Any CPU
		{CF1DC3D4-1686-49CD-8E7E-6CF76D98C128}.Debug|Any CPU.Build.0 = Debug|Any CPU
		{CF1DC3D4-1686-49CD-8E7E-6CF76D98C128}.Release|Any CPU.ActiveCfg = Release|Any CPU
		{CF1DC3D4-1686-49CD-8E7E-6CF76D98C128}.Release|Any CPU.Build.0 = Release|Any CPU
		{28312503-3A13-4235-8177-E08802C88227}.Debug|Any CPU.ActiveCfg = Debug|Any CPU
		{28312503-3A13-4235-8177-E08802C88227}.Debug|Any CPU.Build.0 = Debug|Any CPU
		{28312503-3A13-4235-8177-E08802C88227}.Release|Any CPU.ActiveCfg = Release|Any CPU
		{28312503-3A13-4235-8177-E08802C88227}.Release|Any CPU.Build.0 = Release|Any CPU
		{AB85AA13-2305-490A-9CB5-847CB7AAEF66}.Debug|Any CPU.ActiveCfg = Debug|Any CPU
		{AB85AA13-2305-490A-9CB5-847CB7AAEF66}.Debug|Any CPU.Build.0 = Debug|Any CPU
		{AB85AA13-2305-490A-9CB5-847CB7AAEF66}.Release|Any CPU.ActiveCfg = Release|Any CPU
		{AB85AA13-2305-490A-9CB5-847CB7AAEF66}.Release|Any CPU.Build.0 = Release|Any CPU
	EndGlobalSection
	GlobalSection(SolutionProperties) = preSolution
		HideSolutionNode = FALSE
	EndGlobalSection
EndGlobal
